version = 1
revision = 3
requires-python = "==3.12.*"
resolution-markers = [
    "sys_platform == 'win32'",
]
supported-markers = [
    "sys_platform == 'win32'",
]

[manifest]
members = [
    "carson-rem",
    "cropland",
    "forest-loss",
    "mapprep",
    "property-rainwater",
    "rainfall",
]

[[package]]
name = "affine"
version = "2.4.0"
source = { registry = "https://pypi.org/simple" }
sdist = { url = "https://files.pythonhosted.org/packages/69/98/d2f0bb06385069e799fc7d2870d9e078cfa0fa396dc8a2b81227d0da08b9/affine-2.4.0.tar.gz", hash = "sha256:a24d818d6a836c131976d22f8c27b8d3ca32d0af64c1d8d29deb7bafa4da1eea", size = 17132, upload-time = "2023-01-19T23:44:30.696Z" }
wheels = [
    { url = "https://files.pythonhosted.org/packages/0b/f7/85273299ab57117850cc0a936c64151171fac4da49bc6fba0dad984a7c5f/affine-2.4.0-py3-none-any.whl", hash = "sha256:8a3df80e2b2378aef598a83c1392efd47967afec4242021a0b06b4c7cbc61a92", size = 15662, upload-time = "2023-01-19T23:44:28.833Z" },
]

[[package]]
name = "attrs"
version = "26.1.0"
source = { registry = "https://pypi.org/simple" }
sdist = { url = "https://files.pythonhosted.org/packages/9a/8e/82a0fe20a541c03148528be8cac2408564a6c9a0cc7e9171802bc1d26985/attrs-26.1.0.tar.gz", hash = "sha256:d03ceb89cb322a8fd706d4fb91940737b6642aa36998fe130a9bc96c985eff32", size = 952055, upload-time = "2026-03-19T14:22:25.026Z" }
wheels = [
    { url = "https://files.pythonhosted.org/packages/64/b4/17d4b0b2a2dc85a6df63d1157e028ed19f90d4cd97c36717afef2bc2f395/attrs-26.1.0-py3-none-any.whl", hash = "sha256:c647aa4a12dfbad9333ca4e71fe62ddc36f4e63b2d260a37a8b83d2f043ac309", size = 67548, upload-time = "2026-03-19T14:22:23.645Z" },
]

[[package]]
name = "carson-rem"
version = "0.1.0"
source = { virtual = "carson-rem" }
dependencies = [
    { name = "cmocean", marker = "sys_platform == 'win32'" },
    { name = "geopandas", marker = "sys_platform == 'win32'" },
    { name = "mapprep", marker = "sys_platform == 'win32'" },
    { name = "osmnx", marker = "sys_platform == 'win32'" },
    { name = "python-dotenv", marker = "sys_platform == 'win32'" },
    { name = "requests", marker = "sys_platform == 'win32'" },
    { name = "riverrem", marker = "sys_platform == 'win32'" },
    { name = "scipy", marker = "sys_platform == 'win32'" },
    { name = "seaborn", marker = "sys_platform == 'win32'" },
]

[package.metadata]
requires-dist = [
    { name = "cmocean" },
    { name = "geopandas" },
    { name = "mapprep", editable = "mapprep" },
    { name = "osmnx" },
    { name = "python-dotenv" },
    { name = "requests" },
    { name = "riverrem", git = "https://github.com/OpenTopography/RiverREM" },
    { name = "scipy" },
    { name = "seaborn" },
]

[[package]]
name = "certifi"
version = "2026.6.17"
source = { registry = "https://pypi.org/simple" }
sdist = { url = "https://files.pythonhosted.org/packages/c9/c7/424b75da314c1045981bd9777432fad05a9e0c69daa4ed7e308bbaffe405/certifi-2026.6.17.tar.gz", hash = "sha256:024c88eeec92ca068db80f02b8b07c9cef7b9fe261d1d535abfd5abd6f6af432", size = 134594, upload-time = "2026-06-17T10:31:07.894Z" }
wheels = [
    { url = "https://files.pythonhosted.org/packages/ef/2f/c5464532e965badff2f4c4c1a3a83f5697f0d7c407ed0cda44aaa99bb451/certifi-2026.6.17-py3-none-any.whl", hash = "sha256:2227dcbaafe0d2f59279d1762ddddc37783ed4354594f194ffc31d20f41fc3db", size = 133289, upload-time = "2026-06-17T10:31:06.348Z" },
]

[[package]]
name = "charset-normalizer"
version = "3.4.9"
source = { registry = "https://pypi.org/simple" }
sdist = { url = "https://files.pythonhosted.org/packages/bd/2a/23f34ec9d04624958e137efdc394888716353190e75f25dd22c7a2c7a8aa/charset_normalizer-3.4.9.tar.gz", hash = "sha256:673611bbd43f0810bec0b0f028ddeaaa501190339cac411f347ac76917c3ae7b", size = 152439, upload-time = "2026-07-07T14:34:58.454Z" }
wheels = [
    { url = "https://files.pythonhosted.org/packages/0e/42/6dbc00b8cd16011691203e33570fa42ed5746599a2e878112d16eab403a3/charset_normalizer-3.4.9-cp312-cp312-win32.whl", hash = "sha256:78841cccf1af7b40f6f716338d50c0902dbe88d9f800b3c973b7a9a0a693a642", size = 151185, upload-time = "2026-07-07T14:33:30.781Z" },
    { url = "https://files.pythonhosted.org/packages/80/cc/f920afd1a23c58ccd53c1d36085a71893a4737ff5e66e0371efab6809850/charset_normalizer-3.4.9-cp312-cp312-win_amd64.whl", hash = "sha256:4b3dac63058cc36820b0dd072f89898604e2d39686fe05321729d00d8ac185a0", size = 162557, upload-time = "2026-07-07T14:33:32.176Z" },
    { url = "https://files.pythonhosted.org/packages/f0/e6/0386d43a261ff4e4b30c5857af7df877254b46bec7b9d1b74b6bf969a90b/charset_normalizer-3.4.9-cp312-cp312-win_arm64.whl", hash = "sha256:78fa18e436a1a0e58dbd7e02fc4473f3f32cceb12df9dfca542d075961c307d2", size = 152665, upload-time = "2026-07-07T14:33:33.711Z" },
    { url = "https://files.pythonhosted.org/packages/98/2b/f97f1c193fb855c345d678f5077d6926034db0722df74c8f057020e05a25/charset_normalizer-3.4.9-py3-none-any.whl", hash = "sha256:68e5f26a1ad57ded6d1cfb85331d1c1a195314756471d97758c48498bb4dcdf5", size = 64538, upload-time = "2026-07-07T14:34:56.993Z" },
]

[[package]]
name = "click"
version = "8.4.2"
source = { registry = "https://pypi.org/simple" }
dependencies = [
    { name = "colorama", marker = "sys_platform == 'win32'" },
]
sdist = { url = "https://files.pythonhosted.org/packages/76/d4/81420972a676e8ffea40450d8c8c92943e7218a78fe9b64359836cc9876b/click-8.4.2.tar.gz", hash = "sha256:9a6cea6e60b17ebe0a44c5cc636d94f09bd66142c1cd7d8b4cd731c4917a15f6", size = 338000, upload-time = "2026-06-24T17:45:15.148Z" }
wheels = [
    { url = "https://files.pythonhosted.org/packages/fb/e2/79c688af8b210d232694e31e59da9f6ec747bae31c3f5946e4e9b98860d5/click-8.4.2-py3-none-any.whl", hash = "sha256:e6f9f66136c816745b9d65817da91d61d957fb16e02e4dcd0552553c5a197b76", size = 119243, upload-time = "2026-06-24T17:45:13.73Z" },
]

[[package]]
name = "cligj"
version = "0.7.2"
source = { registry = "https://pypi.org/simple" }
dependencies = [
    { name = "click", marker = "sys_platform == 'win32'" },
]
sdist = { url = "https://files.pythonhosted.org/packages/ea/0d/837dbd5d8430fd0f01ed72c4cfb2f548180f4c68c635df84ce87956cff32/cligj-0.7.2.tar.gz", hash = "sha256:a4bc13d623356b373c2c27c53dbd9c68cae5d526270bfa71f6c6fa69669c6b27", size = 9803, upload-time = "2021-05-28T21:23:27.935Z" }
wheels = [
    { url = "https://files.pythonhosted.org/packages/73/86/43fa9f15c5b9fb6e82620428827cd3c284aa933431405d1bcf5231ae3d3e/cligj-0.7.2-py3-none-any.whl", hash = "sha256:c1ca117dbce1fe20a5809dc96f01e1c2840f6dcc939b3ddbb1111bf330ba82df", size = 7069, upload-time = "2021-05-28T21:23:26.877Z" },
]

[[package]]
name = "cmocean"
version = "4.0.3"
source = { registry = "https://pypi.org/simple" }
dependencies = [
    { name = "matplotlib", marker = "sys_platform == 'win32'" },
    { name = "numpy", marker = "sys_platform == 'win32'" },
    { name = "packaging", marker = "sys_platform == 'win32'" },
]
sdist = { url = "https://files.pythonhosted.org/packages/0e/93/6ce32a2749968071b5239c96c54a229f9cb666d1c2d2cead7246ef28282c/cmocean-4.0.3.tar.gz", hash = "sha256:37868399fb5f41b4eac596e69803f9bfaea49946514dfb2e7f48886854250d7c", size = 7145175, upload-time = "2024-04-06T01:05:26.398Z" }
wheels = [
    { url = "https://files.pythonhosted.org/packages/86/7b/97754548e9da3d41d7334e375b2cd712e9406a3f48823a5f0a166f42d63d/cmocean-4.0.3-py3-none-any.whl", hash = "sha256:f2fc1d5e349db122ee0c9eac80bba969aa92dd2806548fce58dc8bef962f309e", size = 421873, upload-time = "2024-04-06T01:05:24.069Z" },
]

[[package]]
name = "colorama"
version = "0.4.6"
source = { registry = "https://pypi.org/simple" }
sdist = { url = "https://files.pythonhosted.org/packages/d8/53/6f443c9a4a8358a93a6792e2acffb9d9d5cb0a5cfd8802644b7b1c9a02e4/colorama-0.4.6.tar.gz", hash = "sha256:08695f5cb7ed6e0531a20572697297273c47b8cae5a63ffc6d6ed5c201be6e44", size = 27697, upload-time = "2022-10-25T02:36:22.414Z" }
wheels = [
    { url = "https://files.pythonhosted.org/packages/d1/d6/3965ed04c63042e047cb6a3e6ed1a63a35087b6a609aa3a15ed8ac56c221/colorama-0.4.6-py2.py3-none-any.whl", hash = "sha256:4f1d9991f5acc0ca119f9d443620b77f9d6b33703e51011c16baf57afb285fc6", size = 25335, upload-time = "2022-10-25T02:36:20.889Z" },
]

[[package]]
name = "contourpy"
version = "1.3.3"
source = { registry = "https://pypi.org/simple" }
dependencies = [
    { name = "numpy", marker = "sys_platform == 'win32'" },
]
sdist = { url = "https://files.pythonhosted.org/packages/58/01/1253e6698a07380cd31a736d248a3f2a50a7c88779a1813da27503cadc2a/contourpy-1.3.3.tar.gz", hash = "sha256:083e12155b210502d0bca491432bb04d56dc3432f95a979b429f2848c3dbe880", size = 13466174, upload-time = "2025-07-26T12:03:12.549Z" }
wheels = [
    { url = "https://files.pythonhosted.org/packages/cf/8f/5847f44a7fddf859704217a99a23a4f6417b10e5ab1256a179264561540e/contourpy-1.3.3-cp312-cp312-win32.whl", hash = "sha256:023b44101dfe49d7d53932be418477dba359649246075c996866106da069af69", size = 185018, upload-time = "2025-07-26T12:01:35.64Z" },
    { url = "https://files.pythonhosted.org/packages/19/e8/6026ed58a64563186a9ee3f29f41261fd1828f527dd93d33b60feca63352/contourpy-1.3.3-cp312-cp312-win_amd64.whl", hash = "sha256:8153b8bfc11e1e4d75bcb0bff1db232f9e10b274e0929de9d608027e0d34ff8b", size = 226567, upload-time = "2025-07-26T12:01:36.804Z" },
    { url = "https://files.pythonhosted.org/packages/d1/e2/f05240d2c39a1ed228d8328a78b6f44cd695f7ef47beb3e684cf93604f86/contourpy-1.3.3-cp312-cp312-win_arm64.whl", hash = "sha256:07ce5ed73ecdc4a03ffe3e1b3e3c1166db35ae7584be76f65dbbe28a7791b0cc", size = 193655, upload-time = "2025-07-26T12:01:37.999Z" },
]

[[package]]
name = "cropland"
version = "0.1.0"
source = { virtual = "cropland" }
dependencies = [
    { name = "mapprep", marker = "sys_platform == 'win32'" },
    { name = "numpy", marker = "sys_platform == 'win32'" },
    { name = "pandas", marker = "sys_platform == 'win32'" },
    { name = "rasterio", marker = "sys_platform == 'win32'" },
]

[package.metadata]
requires-dist = [
    { name = "mapprep", editable = "mapprep" },
    { name = "numpy" },
    { name = "pandas" },
    { name = "rasterio" },
]

[[package]]
name = "cycler"
version = "0.12.1"
source = { registry = "https://pypi.org/simple" }
sdist = { url = "https://files.pythonhosted.org/packages/a9/95/a3dbbb5028f35eafb79008e7522a75244477d2838f38cbb722248dabc2a8/cycler-0.12.1.tar.gz", hash = "sha256:88bb128f02ba341da8ef447245a9e138fae777f6a23943da4540077d3601eb1c", size = 7615, upload-time = "2023-10-07T05:32:18.335Z" }
wheels = [
    { url = "https://files.pythonhosted.org/packages/e7/05/c19819d5e3d95294a6f5947fb9b9629efb316b96de511b418c53d245aae6/cycler-0.12.1-py3-none-any.whl", hash = "sha256:85cef7cff222d8644161529808465972e51340599459b8ac3ccbac5a854e0d30", size = 8321, upload-time = "2023-10-07T05:32:16.783Z" },
]

[[package]]
name = "fonttools"
version = "4.63.0"
source = { registry = "https://pypi.org/simple" }
sdist = { url = "https://files.pythonhosted.org/packages/84/69/c97f2c18e0db87d2c7b15da1974dace76ae938f1cfa22e2727a648b7ed43/fonttools-4.63.0.tar.gz", hash = "sha256:caeb583deeb5168e694b65cda8b4ee62abedfa66cf88488734466f2366b9c4e0", size = 3597189, upload-time = "2026-05-14T12:04:30.958Z" }
wheels = [
    { url = "https://files.pythonhosted.org/packages/62/f2/aa27c7f98db5b064883dadcc5283947e81e034de42e22a33675878d98b54/fonttools-4.63.0-cp312-cp312-win32.whl", hash = "sha256:af2fd1664d00a397d75f806985ddb36282091c2131a73a6485c23b4a34722263", size = 2292575, upload-time = "2026-05-14T12:03:27.496Z" },
    { url = "https://files.pythonhosted.org/packages/87/36/cccb9bc2a6ab63d1b2980374f0dca72ce95ae267c9b4cfe77455bb70d0d4/fonttools-4.63.0-cp312-cp312-win_amd64.whl", hash = "sha256:59ac449f8cca9b4ffa08d2e7bbadad87ce710d69d1eda5c3c1ce579baa987272", size = 2343211, upload-time = "2026-05-14T12:03:30.057Z" },
    { url = "https://files.pythonhosted.org/packages/2c/47/c99d5268f354002ce80f8d029cd9d7d872969da1de8b93d32de4dc56d6f4/fonttools-4.63.0-py3-none-any.whl", hash = "sha256:445af2eab030a16b9171ea8bdda7ebf7d96bda2df88ee182a464252f6e05e20d", size = 1164562, upload-time = "2026-05-14T12:04:29.092Z" },
]

[[package]]
name = "forest-loss"
version = "0.1.0"
source = { virtual = "forest-loss" }
dependencies = [
    { name = "geopandas", marker = "sys_platform == 'win32'" },
    { name = "mapprep", marker = "sys_platform == 'win32'" },
    { name = "python-dotenv", marker = "sys_platform == 'win32'" },
]

[package.metadata]
requires-dist = [
    { name = "geopandas" },
    { name = "mapprep", editable = "mapprep" },
    { name = "python-dotenv" },
]

[[package]]
name = "gdal"
version = "3.12.2"
source = { url = "https://github.com/cgohlke/geospatial-wheels/releases/download/v2026.2.26/gdal-3.12.2-cp312-cp312-win_amd64.whl" }
wheels = [
    { url = "https://github.com/cgohlke/geospatial-wheels/releases/download/v2026.2.26/gdal-3.12.2-cp312-cp312-win_amd64.whl", hash = "sha256:c65f4905007e63f86d82526fbae43441207daf2ff3ba19fdb7048bc9f8726581" },
]

[package.metadata]
requires-dist = [{ name = "numpy", marker = "extra == 'numpy'", specifier = ">1.0.0" }]
provides-extras = ["numpy"]

[[package]]
name = "geopandas"
version = "1.1.4"
source = { registry = "https://pypi.org/simple" }
dependencies = [
    { name = "numpy", marker = "sys_platform == 'win32'" },
    { name = "packaging", marker = "sys_platform == 'win32'" },
    { name = "pandas", marker = "sys_platform == 'win32'" },
    { name = "pyogrio", marker = "sys_platform == 'win32'" },
    { name = "pyproj", marker = "sys_platform == 'win32'" },
    { name = "shapely", marker = "sys_platform == 'win32'" },
]
sdist = { url = "https://files.pythonhosted.org/packages/39/a9/0478b74a33aea66827c10baaf6025cb2a17e44b1c117533eecd3e977bb75/geopandas-1.1.4.tar.gz", hash = "sha256:06f2890a07e1a239047daa14b486a7c6ae5ce82dcf7405e13c46bf31f5d0dd66", size = 337445, upload-time = "2026-06-26T17:23:54.497Z" }
wheels = [
    { url = "https://files.pythonhosted.org/packages/59/a8/bd530cc264e62ddbc1d1bb7225823992e6f2432c664693e9281bb6b9c359/geopandas-1.1.4-py3-none-any.whl", hash = "sha256:1a0c459cbdb1537cd154dafe6174be20d1760844b7f1c967dc8520b180f2e773", size = 343292, upload-time = "2026-06-26T17:23:53.112Z" },
]

[[package]]
name = "idna"
version = "3.18"
source = { registry = "https://pypi.org/simple" }
sdist = { url = "https://files.pythonhosted.org/packages/cd/63/9496c57188a2ee585e0f1db071d75089a11e98aa86eb99d9d7618fc1edce/idna-3.18.tar.gz", hash = "sha256:ffb385a7e039654cef1ab9ef32c6fafe283c0c0467bba1d9029738ce4a14a848", size = 196711, upload-time = "2026-06-02T14:34:07.794Z" }
wheels = [
    { url = "https://files.pythonhosted.org/packages/1e/5e/d4e9f1a599fb8e573b7b87160658329fbf28d19eac2718f51fc3def3aa5a/idna-3.18-py3-none-any.whl", hash = "sha256:7f952cbe720b688055e3f87de14f5c3e5fdaa8bc3928985c4077ca689de849a2", size = 65455, upload-time = "2026-06-02T14:34:06.319Z" },
]

[[package]]
name = "kiwisolver"
version = "1.5.0"
source = { registry = "https://pypi.org/simple" }
sdist = { url = "https://files.pythonhosted.org/packages/d0/67/9c61eccb13f0bdca9307614e782fec49ffdde0f7a2314935d489fa93cd9c/kiwisolver-1.5.0.tar.gz", hash = "sha256:d4193f3d9dc3f6f79aaed0e5637f45d98850ebf01f7ca20e69457f3e8946b66a", size = 103482, upload-time = "2026-03-09T13:15:53.382Z" }
wheels = [
    { url = "https://files.pythonhosted.org/packages/ad/cf/0348374369ca588f8fe9c338fae49fa4e16eeb10ffb3d012f23a54578a9e/kiwisolver-1.5.0-cp312-cp312-win_amd64.whl", hash = "sha256:f18c2d9782259a6dc132fdc7a63c168cbc74b35284b6d75c673958982a378384", size = 73569, upload-time = "2026-03-09T13:13:45.792Z" },
    { url = "https://files.pythonhosted.org/packages/28/26/192b26196e2316e2bd29deef67e37cdf9870d9af8e085e521afff0fed526/kiwisolver-1.5.0-cp312-cp312-win_arm64.whl", hash = "sha256:f7c7553b13f69c1b29a5bde08ddc6d9d0c8bfb84f9ed01c30db25944aeb852a7", size = 64997, upload-time = "2026-03-09T13:13:46.878Z" },
    { url = "https://files.pythonhosted.org/packages/b5/91/53255615acd2a1eaca307ede3c90eb550bae9c94581f8c00081b6b1c8f44/kiwisolver-1.5.0-graalpy312-graalpy250_312_native-win_amd64.whl", hash = "sha256:1f1489f769582498610e015a8ef2d36f28f505ab3096d0e16b4858a9ec214f57", size = 75987, upload-time = "2026-03-09T13:15:39.65Z" },
]

[[package]]
name = "mapprep"
version = "0.1.0"
source = { editable = "mapprep" }
dependencies = [
    { name = "gdal", marker = "sys_platform == 'win32'" },
    { name = "geopandas", marker = "sys_platform == 'win32'" },
    { name = "matplotlib", marker = "sys_platform == 'win32'" },
    { name = "numpy", marker = "sys_platform == 'win32'" },
    { name = "python-dotenv", marker = "sys_platform == 'win32'" },
    { name = "rasterio", marker = "sys_platform == 'win32'" },
    { name = "requests", marker = "sys_platform == 'win32'" },
    { name = "scipy", marker = "sys_platform == 'win32'" },
    { name = "shapely", marker = "sys_platform == 'win32'" },
]

[package.metadata]
requires-dist = [
    { name = "gdal", url = "https://github.com/cgohlke/geospatial-wheels/releases/download/v2026.2.26/gdal-3.12.2-cp312-cp312-win_amd64.whl" },
    { name = "geopandas" },
    { name = "matplotlib", specifier = ">=3.11.0" },
    { name = "numpy" },
    { name = "python-dotenv" },
    { name = "rasterio" },
    { name = "requests" },
    { name = "scipy" },
    { name = "shapely", specifier = ">=2.1" },
]

[[package]]
name = "matplotlib"
version = "3.11.0"
source = { registry = "https://pypi.org/simple" }
dependencies = [
    { name = "contourpy", marker = "sys_platform == 'win32'" },
    { name = "cycler", marker = "sys_platform == 'win32'" },
    { name = "fonttools", marker = "sys_platform == 'win32'" },
    { name = "kiwisolver", marker = "sys_platform == 'win32'" },
    { name = "numpy", marker = "sys_platform == 'win32'" },
    { name = "packaging", marker = "sys_platform == 'win32'" },
    { name = "pillow", marker = "sys_platform == 'win32'" },
    { name = "pyparsing", marker = "sys_platform == 'win32'" },
    { name = "python-dateutil", marker = "sys_platform == 'win32'" },
]
sdist = { url = "https://files.pythonhosted.org/packages/1f/24/080c99d223d158d3a8902769269ab6da5b50f7a0e6e072513907e02b7a6c/matplotlib-3.11.0.tar.gz", hash = "sha256:68c0c7be01b30dcca3638934f7f591df73401235cbdbf0d1ab1c71e7db7f8b57", size = 33251176, upload-time = "2026-06-12T02:29:15.508Z" }
wheels = [
    { url = "https://files.pythonhosted.org/packages/e5/2f/a58a4443a4d052a4ea77557478336aefc26c7981f6408d37adba763aa758/matplotlib-3.11.0-cp312-cp312-win_amd64.whl", hash = "sha256:ac6f1ef39f3d0f9e2463303013094992cdbe0f85f43bc54155bc472b2042768e", size = 9329528, upload-time = "2026-06-12T02:28:02.27Z" },
    { url = "https://files.pythonhosted.org/packages/61/0f/4b669589d47733b97ab9df4b58d6fc1e68acb5ea42a928dc7cbdd6bf5871/matplotlib-3.11.0-cp312-cp312-win_arm64.whl", hash = "sha256:9dd11fb612ce7bc60b1de5b4fc87ff959d22317b5de42aabf392f66f97af22eb", size = 9003413, upload-time = "2026-06-12T02:28:04.49Z" },
]

[[package]]
name = "networkx"
version = "3.6.1"
source = { registry = "https://pypi.org/simple" }
sdist = { url = "https://files.pythonhosted.org/packages/6a/51/63fe664f3908c97be9d2e4f1158eb633317598cfa6e1fc14af5383f17512/networkx-3.6.1.tar.gz", hash = "sha256:26b7c357accc0c8cde558ad486283728b65b6a95d85ee1cd66bafab4c8168509", size = 2517025, upload-time = "2025-12-08T17:02:39.908Z" }
wheels = [
    { url = "https://files.pythonhosted.org/packages/9e/c9/b2622292ea83fbb4ec318f5b9ab867d0a28ab43c5717bb85b0a5f6b3b0a4/networkx-3.6.1-py3-none-any.whl", hash = "sha256:d47fbf302e7d9cbbb9e2555a0d267983d2aa476bac30e90dfbe5669bd57f3762", size = 2068504, upload-time = "2025-12-08T17:02:38.159Z" },
]

[[package]]
name = "numpy"
version = "2.5.1"
source = { registry = "https://pypi.org/simple" }
sdist = { url = "https://files.pythonhosted.org/packages/22/fd/89965aa4ac08c74998539fcbf24fa3540f3e15237fbeb6bcf9c908f4aade/numpy-2.5.1.tar.gz", hash = "sha256:a48a113e6afea91f5608793bafa7ef2ad481fefbda87ec5069f483de61cb9fa3", size = 20755553, upload-time = "2026-07-04T17:08:00.933Z" }
wheels = [
    { url = "https://files.pythonhosted.org/packages/04/12/cff070947791c1ed425ff76413189adbdc2fbe215eba7ce7fa454a03c7f8/numpy-2.5.1-cp312-cp312-win32.whl", hash = "sha256:08d60c810432eb83360958dea0999ac4cfb94531ea8efcbf0b7f277c2068aeb2", size = 6066764, upload-time = "2026-07-04T17:06:32.571Z" },
    { url = "https://files.pythonhosted.org/packages/65/66/53f31807a48a750f9d748da273bc3fcedd12b27ff1f3e373bfec55ef2dc0/numpy-2.5.1-cp312-cp312-win_amd64.whl", hash = "sha256:f7d60026c0bdb1380e83bfa7a0419c4577ee4b9a08880afcb6dadeb74c649fa2", size = 12430966, upload-time = "2026-07-04T17:06:34.926Z" },
    { url = "https://files.pythonhosted.org/packages/2b/2a/d1a88066b1c14186f5d3c0d18c94f17b064511982bab0578d49ee9d43c29/numpy-2.5.1-cp312-cp312-win_arm64.whl", hash = "sha256:17a25e09640602e10bc8de0e6fa2b3fd68eedd84ba6d7842dc8f32f9ab87bd0b", size = 10350488, upload-time = "2026-07-04T17:06:37.785Z" },
]

[[package]]
name = "osmnx"
version = "2.1.0"
source = { registry = "https://pypi.org/simple" }
dependencies = [
    { name = "geopandas", marker = "sys_platform == 'win32'" },
    { name = "networkx", marker = "sys_platform == 'win32'" },
    { name = "numpy", marker = "sys_platform == 'win32'" },
    { name = "pandas", marker = "sys_platform == 'win32'" },
    { name = "requests", marker = "sys_platform == 'win32'" },
    { name = "shapely", marker = "sys_platform == 'win32'" },
]
sdist = { url = "https://files.pythonhosted.org/packages/ab/30/65083209545c8ca40f9d2fc76d39d4ef9153aa380c62881ed1971123990c/osmnx-2.1.0.tar.gz", hash = "sha256:0175ab8710bb973cb7cc76c33eeddd670d9d2f4b444da08a1080c470844add2b", size = 90147, upload-time = "2026-02-16T22:51:06.522Z" }
wheels = [
    { url = "https://files.pythonhosted.org/packages/92/4d/ee50f0b6b4532d44c0db5415b7ad896a4d9651dcd7aa9f5729a25fc6f502/osmnx-2.1.0-py3-none-any.whl", hash = "sha256:9d6e7692321a4e40c5ca68ef8b85fbfb550244c4135fe9b55cfd4f810a5c8e2e", size = 104405, upload-time = "2026-02-16T22:51:05.386Z" },
]

[[package]]
name = "packaging"
version = "26.2"
source = { registry = "https://pypi.org/simple" }
sdist = { url = "https://files.pythonhosted.org/packages/d7/f1/e7a6dd94a8d4a5626c03e4e99c87f241ba9e350cd9e6d75123f992427270/packaging-26.2.tar.gz", hash = "sha256:ff452ff5a3e828ce110190feff1178bb1f2ea2281fa2075aadb987c2fb221661", size = 228134, upload-time = "2026-04-24T20:15:23.917Z" }
wheels = [
    { url = "https://files.pythonhosted.org/packages/df/b2/87e62e8c3e2f4b32e5fe99e0b86d576da1312593b39f47d8ceef365e95ed/packaging-26.2-py3-none-any.whl", hash = "sha256:5fc45236b9446107ff2415ce77c807cee2862cb6fac22b8a73826d0693b0980e", size = 100195, upload-time = "2026-04-24T20:15:22.081Z" },
]

[[package]]
name = "pandas"
version = "3.0.3"
source = { registry = "https://pypi.org/simple" }
dependencies = [
    { name = "numpy", marker = "sys_platform == 'win32'" },
    { name = "python-dateutil", marker = "sys_platform == 'win32'" },
    { name = "tzdata", marker = "sys_platform == 'win32'" },
]
sdist = { url = "https://files.pythonhosted.org/packages/f8/87/4341c6252d1c47b08768c3d25ac487362bf403f0313ddae4a2a26c9b1b4c/pandas-3.0.3.tar.gz", hash = "sha256:696a4a00a2a2a35d4e5deb3fc946641b96c944f02230e4f76137fe35d806c4fc", size = 4651414, upload-time = "2026-05-11T18:54:29.21Z" }
wheels = [
    { url = "https://files.pythonhosted.org/packages/b9/c5/fc1b368f303087d20e8c9bf3d6ceb186263cfac0ade735cd938538bea839/pandas-3.0.3-cp312-cp312-win_amd64.whl", hash = "sha256:c7be265b62cef88e253a941e4698604973736dcfe242fdb5198f0f7bc473cdcc", size = 9755463, upload-time = "2026-05-11T18:52:53.386Z" },
    { url = "https://files.pythonhosted.org/packages/86/bd/fda8f9705b1b09c6ebe14bfc0fa0e4ec8584d54ea673628f157ff55131af/pandas-3.0.3-cp312-cp312-win_arm64.whl", hash = "sha256:557409bc4178e70ee8d9ddb494798e51ebf6ea59330f6be22c51bab2a7db6c49", size = 9066158, upload-time = "2026-05-11T18:52:56.038Z" },
]

[[package]]
name = "pillow"
version = "12.3.0"
source = { registry = "https://pypi.org/simple" }
sdist = { url = "https://files.pythonhosted.org/packages/1c/3d/bb7fca845737cf9d7dbde16ed1843984665ff2e0a518f5db43e77ec540b9/pillow-12.3.0.tar.gz", hash = "sha256:3b8182a766685eaa002637e28b4ec8d6b18819a0c71f579bf0dbaa5830297cce", size = 47025035, upload-time = "2026-07-01T11:56:38.965Z" }
wheels = [
    { url = "https://files.pythonhosted.org/packages/20/20/25e0f4dc178a6bc0696793720055519a0de89e7661dae886992decbd2f81/pillow-12.3.0-cp312-cp312-win32.whl", hash = "sha256:dbce0b29841537a2fa4a214c2bbf14de3587c9680caa9b4e217568472490b28f", size = 6472684, upload-time = "2026-07-01T11:54:19.839Z" },
    { url = "https://files.pythonhosted.org/packages/45/89/da2f7971a317f83d807fdd4065c0af40208e59e692cc43d315a71a0e96d1/pillow-12.3.0-cp312-cp312-win_amd64.whl", hash = "sha256:a2b55dd6b2a4c4b7d87ffa56bdb33fdc5fdb9a462173861a7bc097f17d91cb09", size = 7227137, upload-time = "2026-07-01T11:54:22.025Z" },
    { url = "https://files.pythonhosted.org/packages/de/47/4845a0a6c0dbf1db8456bd9fc791f13c5ced7ced20606d08a0aacfd25b49/pillow-12.3.0-cp312-cp312-win_arm64.whl", hash = "sha256:331b624368d4f1d069149002f25f44bc61c8919ce8ddb3c45bdad8f6e2d89510", size = 2568267, upload-time = "2026-07-01T11:54:24.051Z" },
]

[[package]]
name = "property-rainwater"
version = "0.1.0"
source = { virtual = "property-rainwater" }
dependencies = [
    { name = "mapprep", marker = "sys_platform == 'win32'" },
    { name = "python-dotenv", marker = "sys_platform == 'win32'" },
    { name = "rasterstats", marker = "sys_platform == 'win32'" },
    { name = "whitebox", marker = "sys_platform == 'win32'" },
]

[package.metadata]
requires-dist = [
    { name = "mapprep", editable = "mapprep" },
    { name = "python-dotenv" },
    { name = "rasterstats" },
    { name = "whitebox" },
]

[[package]]
name = "pyogrio"
version = "0.13.0"
source = { registry = "https://pypi.org/simple" }
dependencies = [
    { name = "certifi", marker = "sys_platform == 'win32'" },
    { name = "numpy", marker = "sys_platform == 'win32'" },
    { name = "packaging", marker = "sys_platform == 'win32'" },
]
sdist = { url = "https://files.pythonhosted.org/packages/de/3c/d2268615e8b749ba59f278b14a495883562e961fa3ad55a9def222bfbd4a/pyogrio-0.13.0.tar.gz", hash = "sha256:9614f27a1891113f80653e0b76b4233ea1fb3beeb1ac46d118ab22e1670f8f13", size = 313103, upload-time = "2026-06-26T15:30:17.375Z" }
wheels = [
    { url = "https://files.pythonhosted.org/packages/d2/ba/3757e312a98c428ac5d8b787f3608ae325174ebef6897930a42e21dd057a/pyogrio-0.13.0-cp311-abi3-win_amd64.whl", hash = "sha256:1b91f6d6e6757a6ea84b9459d24f479dcb52bbf4ebcdb16baf39e49d2836a1cf", size = 23824927, upload-time = "2026-06-26T15:29:52.493Z" },
]

[[package]]
name = "pyparsing"
version = "3.3.2"
source = { registry = "https://pypi.org/simple" }
sdist = { url = "https://files.pythonhosted.org/packages/f3/91/9c6ee907786a473bf81c5f53cf703ba0957b23ab84c264080fb5a450416f/pyparsing-3.3.2.tar.gz", hash = "sha256:c777f4d763f140633dcb6d8a3eda953bf7a214dc4eff598413c070bcdc117cbc", size = 6851574, upload-time = "2026-01-21T03:57:59.36Z" }
wheels = [
    { url = "https://files.pythonhosted.org/packages/10/bd/c038d7cc38edc1aa5bf91ab8068b63d4308c66c4c8bb3cbba7dfbc049f9c/pyparsing-3.3.2-py3-none-any.whl", hash = "sha256:850ba148bd908d7e2411587e247a1e4f0327839c40e2e5e6d05a007ecc69911d", size = 122781, upload-time = "2026-01-21T03:57:55.912Z" },
]

[[package]]
name = "pyproj"
version = "3.7.2"
source = { registry = "https://pypi.org/simple" }
dependencies = [
    { name = "certifi", marker = "sys_platform == 'win32'" },
]
sdist = { url = "https://files.pythonhosted.org/packages/04/90/67bd7260b4ea9b8b20b4f58afef6c223ecb3abf368eb4ec5bc2cdef81b49/pyproj-3.7.2.tar.gz", hash = "sha256:39a0cf1ecc7e282d1d30f36594ebd55c9fae1fda8a2622cee5d100430628f88c", size = 226279, upload-time = "2025-08-14T12:05:42.18Z" }
wheels = [
    { url = "https://files.pythonhosted.org/packages/69/a1/dc250e3cf83eb4b3b9a2cf86fdb5e25288bd40037ae449695550f9e96b2f/pyproj-3.7.2-cp312-cp312-win32.whl", hash = "sha256:b3d99ed57d319da042f175f4554fc7038aa4bcecc4ac89e217e350346b742c9d", size = 5898872, upload-time = "2025-08-14T12:04:22.485Z" },
    { url = "https://files.pythonhosted.org/packages/4a/a6/6fe724b72b70f2b00152d77282e14964d60ab092ec225e67c196c9b463e5/pyproj-3.7.2-cp312-cp312-win_amd64.whl", hash = "sha256:11614a054cd86a2ed968a657d00987a86eeb91fdcbd9ad3310478685dc14a128", size = 6312176, upload-time = "2025-08-14T12:04:24.736Z" },
    { url = "https://files.pythonhosted.org/packages/5d/68/915cc32c02a91e76d02c8f55d5a138d6ef9e47a0d96d259df98f4842e558/pyproj-3.7.2-cp312-cp312-win_arm64.whl", hash = "sha256:509a146d1398bafe4f53273398c3bb0b4732535065fa995270e52a9d3676bca3", size = 6233452, upload-time = "2025-08-14T12:04:27.287Z" },
]

[[package]]
name = "python-dateutil"
version = "2.9.0.post0"
source = { registry = "https://pypi.org/simple" }
dependencies = [
    { name = "six", marker = "sys_platform == 'win32'" },
]
sdist = { url = "https://files.pythonhosted.org/packages/66/c0/0c8b6ad9f17a802ee498c46e004a0eb49bc148f2fd230864601a86dcf6db/python-dateutil-2.9.0.post0.tar.gz", hash = "sha256:37dd54208da7e1cd875388217d5e00ebd4179249f90fb72437e91a35459a0ad3", size = 342432, upload-time = "2024-03-01T18:36:20.211Z" }
wheels = [
    { url = "https://files.pythonhosted.org/packages/ec/57/56b9bcc3c9c6a792fcbaf139543cee77261f3651ca9da0c93f5c1221264b/python_dateutil-2.9.0.post0-py2.py3-none-any.whl", hash = "sha256:a8b2bc7bffae282281c8140a97d3aa9c14da0b136dfe83f850eea9a5f7470427", size = 229892, upload-time = "2024-03-01T18:36:18.57Z" },
]

[[package]]
name = "python-dotenv"
version = "1.2.2"
source = { registry = "https://pypi.org/simple" }
sdist = { url = "https://files.pythonhosted.org/packages/82/ed/0301aeeac3e5353ef3d94b6ec08bbcabd04a72018415dcb29e588514bba8/python_dotenv-1.2.2.tar.gz", hash = "sha256:2c371a91fbd7ba082c2c1dc1f8bf89ca22564a087c2c287cd9b662adde799cf3", size = 50135, upload-time = "2026-03-01T16:00:26.196Z" }
wheels = [
    { url = "https://files.pythonhosted.org/packages/0b/d7/1959b9648791274998a9c3526f6d0ec8fd2233e4d4acce81bbae76b44b2a/python_dotenv-1.2.2-py3-none-any.whl", hash = "sha256:1d8214789a24de455a8b8bd8ae6fe3c6b69a5e3d64aa8a8e5d68e694bbcb285a", size = 22101, upload-time = "2026-03-01T16:00:25.09Z" },
]

[[package]]
name = "rainfall"
version = "0.1.0"
source = { virtual = "rainfall" }
dependencies = [
    { name = "mapprep", marker = "sys_platform == 'win32'" },
    { name = "python-dotenv", marker = "sys_platform == 'win32'" },
]

[package.metadata]
requires-dist = [
    { name = "mapprep", editable = "mapprep" },
    { name = "python-dotenv" },
]

[[package]]
name = "rasterio"
version = "1.5.0"
source = { registry = "https://pypi.org/simple" }
dependencies = [
    { name = "affine", marker = "sys_platform == 'win32'" },
    { name = "attrs", marker = "sys_platform == 'win32'" },
    { name = "certifi", marker = "sys_platform == 'win32'" },
    { name = "click", marker = "sys_platform == 'win32'" },
    { name = "cligj", marker = "sys_platform == 'win32'" },
    { name = "numpy", marker = "sys_platform == 'win32'" },
    { name = "pyparsing", marker = "sys_platform == 'win32'" },
]
sdist = { url = "https://files.pythonhosted.org/packages/f6/88/edb4b66b6cb2c13f123af5a3896bf70c0cbe73ab3cd4243cb4eb0212a0f6/rasterio-1.5.0.tar.gz", hash = "sha256:1e0ea56b02eea4989b36edf8e58a5a3ef40e1b7edcb04def2603accd5ab3ee7b", size = 452184, upload-time = "2026-01-05T16:06:47.169Z" }
wheels = [
    { url = "https://files.pythonhosted.org/packages/57/d6/fe8826f813c98b046d8d4c3bc83053c89c71f367f89257d211fe5dd0b0ba/rasterio-1.5.0-cp312-cp312-win_amd64.whl", hash = "sha256:ac8d04eee66ca8060763ead607800e5611d857dd005905d920365e24a16ba20a", size = 30142328, upload-time = "2026-01-05T16:05:31.357Z" },
    { url = "https://files.pythonhosted.org/packages/af/62/6397379271d5628ed65ef781bf2d3a8f56094a86e6d8479c6ca506a1b960/rasterio-1.5.0-cp312-cp312-win_arm64.whl", hash = "sha256:31f1edc45c781ebd087e60cc00a4fc37028dd3fe25cff4098e4139fc9d0565be", size = 28500710, upload-time = "2026-01-05T16:05:33.906Z" },
]

[[package]]
name = "rasterstats"
version = "0.21.0"
source = { registry = "https://pypi.org/simple" }
dependencies = [
    { name = "affine", marker = "sys_platform == 'win32'" },
    { name = "click", marker = "sys_platform == 'win32'" },
    { name = "cligj", marker = "sys_platform == 'win32'" },
    { name = "numpy", marker = "sys_platform == 'win32'" },
    { name = "pyogrio", marker = "sys_platform == 'win32'" },
    { name = "rasterio", marker = "sys_platform == 'win32'" },
    { name = "shapely", marker = "sys_platform == 'win32'" },
    { name = "simplejson", marker = "sys_platform == 'win32'" },
]
sdist = { url = "https://files.pythonhosted.org/packages/3e/5d/52d2c6985c6ff3cefdd31876bd3e6e8ac09a5fc6d52703ed4dfa3b228062/rasterstats-0.21.0.tar.gz", hash = "sha256:2b955f6775b7f641c8094d00bc4381492184ba162b5dba1baa69df8db98efa5f", size = 76836, upload-time = "2026-05-23T20:54:18.914Z" }
wheels = [
    { url = "https://files.pythonhosted.org/packages/05/2e/7c85f00260aa332fbab9caba209290a07be645ee1d5691415ae635a7382a/rasterstats-0.21.0-py3-none-any.whl", hash = "sha256:6157d8bd1cc2fe3b3714abfa53b6a18c299efa7f70e8d9af71d3ef0408ac5c5d", size = 19132, upload-time = "2026-05-23T20:54:17.277Z" },
]

[[package]]
name = "requests"
version = "2.34.2"
source = { registry = "https://pypi.org/simple" }
dependencies = [
    { name = "certifi", marker = "sys_platform == 'win32'" },
    { name = "charset-normalizer", marker = "sys_platform == 'win32'" },
    { name = "idna", marker = "sys_platform == 'win32'" },
    { name = "urllib3", marker = "sys_platform == 'win32'" },
]
sdist = { url = "https://files.pythonhosted.org/packages/ac/c3/e2a2b89f2d3e2179abd6d00ebd70bff6273f37fb3e0cc209f48b39d00cbf/requests-2.34.2.tar.gz", hash = "sha256:f288924cae4e29463698d6d60bc6a4da69c89185ad1e0bcc4104f584e960b9ed", size = 142856, upload-time = "2026-05-14T19:25:27.735Z" }
wheels = [
    { url = "https://files.pythonhosted.org/packages/a0/f4/c67b0b3f1b9245e8d266f0f112c500d50e5b4e83cb6f3b71b6528104182a/requests-2.34.2-py3-none-any.whl", hash = "sha256:2a0d60c172f83ac6ab31e4554906c0f3b3588d37b5cb939b1c061f4907e278e0", size = 73075, upload-time = "2026-05-14T19:25:26.443Z" },
]

[[package]]
name = "riverrem"
version = "1.1.2"
source = { git = "https://github.com/OpenTopography/RiverREM#d1efd6c765b8e9a0ae6c22dbea1e2d3a278c8dbe" }

[[package]]
name = "scipy"
version = "1.18.0"
source = { registry = "https://pypi.org/simple" }
dependencies = [
    { name = "numpy", marker = "sys_platform == 'win32'" },
]
sdist = { url = "https://files.pythonhosted.org/packages/a7/25/c2700dfaf6442b4effaa91af24ebce5dc9d31bb4a69706313aae70d72cd0/scipy-1.18.0.tar.gz", hash = "sha256:67b2ad2ad54c72ca6d04975a9b2df8c3638c34ddd5b28738e94fc2b57929d378", size = 30774447, upload-time = "2026-06-19T15:01:43.456Z" }
wheels = [
    { url = "https://files.pythonhosted.org/packages/2b/54/9a9edb45345bd6744da5ddfb6628e5d5185920494c6a67ec45b6381004cb/scipy-1.18.0-cp312-cp312-win_amd64.whl", hash = "sha256:71ccc8faa2dd16ac310233203474a8b5cb67f10dedd54a3116d34943f4b19132", size = 36597428, upload-time = "2026-06-19T15:00:08.112Z" },
    { url = "https://files.pythonhosted.org/packages/99/0e/33f32a2a58987e26aec0f7df252cbbad1e90ae77bdbc76f40dd4ed0cf0ea/scipy-1.18.0-cp312-cp312-win_arm64.whl", hash = "sha256:d88363fd9d8fbd3511bd273f1a49efb2a540773ddf92a91d57498ce7dd7f3e76", size = 24351481, upload-time = "2026-06-19T15:00:11.103Z" },
]

[[package]]
name = "seaborn"
version = "0.13.2"
source = { registry = "https://pypi.org/simple" }
dependencies = [
    { name = "matplotlib", marker = "sys_platform == 'win32'" },
    { name = "numpy", marker = "sys_platform == 'win32'" },
    { name = "pandas", marker = "sys_platform == 'win32'" },
]
sdist = { url = "https://files.pythonhosted.org/packages/86/59/a451d7420a77ab0b98f7affa3a1d78a313d2f7281a57afb1a34bae8ab412/seaborn-0.13.2.tar.gz", hash = "sha256:93e60a40988f4d65e9f4885df477e2fdaff6b73a9ded434c1ab356dd57eefff7", size = 1457696, upload-time = "2024-01-25T13:21:52.551Z" }
wheels = [
    { url = "https://files.pythonhosted.org/packages/83/11/00d3c3dfc25ad54e731d91449895a79e4bf2384dc3ac01809010ba88f6d5/seaborn-0.13.2-py3-none-any.whl", hash = "sha256:636f8336facf092165e27924f223d3c62ca560b1f2bb5dff7ab7fad265361987", size = 294914, upload-time = "2024-01-25T13:21:49.598Z" },
]

[[package]]
name = "shapely"
version = "2.1.2"
source = { registry = "https://pypi.org/simple" }
dependencies = [
    { name = "numpy", marker = "sys_platform == 'win32'" },
]
sdist = { url = "https://files.pythonhosted.org/packages/4d/bc/0989043118a27cccb4e906a46b7565ce36ca7b57f5a18b78f4f1b0f72d9d/shapely-2.1.2.tar.gz", hash = "sha256:2ed4ecb28320a433db18a5bf029986aa8afcfd740745e78847e330d5d94922a9", size = 315489, upload-time = "2025-09-24T13:51:41.432Z" }
wheels = [
    { url = "https://files.pythonhosted.org/packages/53/46/319c9dc788884ad0785242543cdffac0e6530e4d0deb6c4862bc4143dcf3/shapely-2.1.2-cp312-cp312-win32.whl", hash = "sha256:9111274b88e4d7b54a95218e243282709b330ef52b7b86bc6aaf4f805306f454", size = 1542745, upload-time = "2025-09-24T13:50:41.414Z" },
    { url = "https://files.pythonhosted.org/packages/ec/bf/cb6c1c505cb31e818e900b9312d514f381fbfa5c4363edfce0fcc4f8c1a4/shapely-2.1.2-cp312-cp312-win_amd64.whl", hash = "sha256:743044b4cfb34f9a67205cee9279feaf60ba7d02e69febc2afc609047cb49179", size = 1722861, upload-time = "2025-09-24T13:50:43.35Z" },
]

[[package]]
name = "simplejson"
version = "4.1.1"
source = { registry = "https://pypi.org/simple" }
sdist = { url = "https://files.pythonhosted.org/packages/0e/2a/54837395a3487c725669428d513293612a48d82b95a0642c936932e5d898/simplejson-4.1.1.tar.gz", hash = "sha256:c08eb9f7a90f77ae470e19a07472e9a79ebc0d1c2315d86a72767665bd5ba79f", size = 118860, upload-time = "2026-04-24T19:24:59.819Z" }
wheels = [
    { url = "https://files.pythonhosted.org/packages/04/ee/14f91db0d1f481533b651dafbf8cd0da088d9817f7af30c68f7f19f9c847/simplejson-4.1.1-cp312-cp312-win32.whl", hash = "sha256:2e0d5ead6d14610467ec356ec1f6b5d8a56aa216abaad8d41c8b873b16cf313f", size = 88512, upload-time = "2026-04-24T19:23:22.764Z" },
    { url = "https://files.pythonhosted.org/packages/b9/c4/90de06b2d8737c68c05ff9274113f854dbf6a5f28b7a955212111672cb57/simplejson-4.1.1-cp312-cp312-win_amd64.whl", hash = "sha256:63a5451f557d6be48a231bae932458655c620902b868170b2f1c8afed496f6b4", size = 90748, upload-time = "2026-04-24T19:23:24.494Z" },
    { url = "https://files.pythonhosted.org/packages/ce/6a/8b74c52ffd33dbbde00fe7251fee6a0acdc8cea33f7a43805aed258fb79b/simplejson-4.1.1-py3-none-any.whl", hash = "sha256:2ce92b3748f02423e26d2bfb636fb9d7a8f67c8f5854dcae69d350d123b2eee2", size = 69195, upload-time = "2026-04-24T19:24:57.962Z" },
]

[[package]]
name = "six"
version = "1.17.0"
source = { registry = "https://pypi.org/simple" }
sdist = { url = "https://files.pythonhosted.org/packages/94/e7/b2c673351809dca68a0e064b6af791aa332cf192da575fd474ed7d6f16a2/six-1.17.0.tar.gz", hash = "sha256:ff70335d468e7eb6ec65b95b99d3a2836546063f63acc5171de367e834932a81", size = 34031, upload-time = "2024-12-04T17:35:28.174Z" }
wheels = [
    { url = "https://files.pythonhosted.org/packages/b7/ce/149a00dd41f10bc29e5921b496af8b574d8413afcd5e30dfa0ed46c2cc5e/six-1.17.0-py2.py3-none-any.whl", hash = "sha256:4721f391ed90541fddacab5acf947aa0d3dc7d27b2e1e8eda2be8970586c3274", size = 11050, upload-time = "2024-12-04T17:35:26.475Z" },
]

[[package]]
name = "tzdata"
version = "2026.3"
source = { registry = "https://pypi.org/simple" }
sdist = { url = "https://files.pythonhosted.org/packages/92/ff/5a28bdfd8c3ebec42564ac7d0e54ca3db65044a9314a97f9564fa7a1e926/tzdata-2026.3.tar.gz", hash = "sha256:4a1518b8993086a7982523e071643f3c0e5f213e75b21318e78bcabfff9d1415", size = 198674, upload-time = "2026-07-10T08:50:37.887Z" }
wheels = [
    { url = "https://files.pythonhosted.org/packages/e5/6d/b53b99a9f2766d095985947a5782f1702cabb129a34f7a802d7197af832f/tzdata-2026.3-py2.py3-none-any.whl", hash = "sha256:dc096730c87af6cab1b171c9d532be840741ff5d459015e7f6947bd7d7e54931", size = 348168, upload-time = "2026-07-10T08:50:36.46Z" },
]

[[package]]
name = "urllib3"
version = "2.7.0"
source = { registry = "https://pypi.org/simple" }
sdist = { url = "https://files.pythonhosted.org/packages/53/0c/06f8b233b8fd13b9e5ee11424ef85419ba0d8ba0b3138bf360be2ff56953/urllib3-2.7.0.tar.gz", hash = "sha256:231e0ec3b63ceb14667c67be60f2f2c40a518cb38b03af60abc813da26505f4c", size = 433602, upload-time = "2026-05-07T16:13:18.596Z" }
wheels = [
    { url = "https://files.pythonhosted.org/packages/7f/3e/5db95bcf282c52709639744ca2a8b149baccf648e39c8cc87553df9eae0c/urllib3-2.7.0-py3-none-any.whl", hash = "sha256:9fb4c81ebbb1ce9531cce37674bbc6f1360472bc18ca9a553ede278ef7276897", size = 131087, upload-time = "2026-05-07T16:13:17.151Z" },
]

[[package]]
name = "whitebox"
version = "2.3.6"
source = { registry = "https://pypi.org/simple" }
dependencies = [
    { name = "click", marker = "sys_platform == 'win32'" },
]
sdist = { url = "https://files.pythonhosted.org/packages/ac/87/c628340efbf9f819a1e8b241967857b5cf69c197b998eae89a98c3c00dbd/whitebox-2.3.6.tar.gz", hash = "sha256:69571640a778253e27a05c63b08aed670457803798a0b8f233761eabcd39188b", size = 78177, upload-time = "2025-02-23T01:22:48.762Z" }
wheels = [
    { url = "https://files.pythonhosted.org/packages/1c/44/9bd2ca55e07ee3d63a0d3b46c77ca75e3089e38cc7260e46fc597a632a5a/whitebox-2.3.6-py2.py3-none-any.whl", hash = "sha256:16b780134cabb9b9d067078f42265da692963d466747cbe655f573fab0f3f60e", size = 74005, upload-time = "2025-02-23T01:22:46.745Z" },
]
